
Microsoft Visual Studio Solution File, Format Version 12.00
# Visual Studio Version 17
VisualStudioVersion = 17.14.36401.2 d17.14
MinimumVisualStudioVersion = 10.0.40219.1
Project("{8BC9CEB8-8B4A-11D0-8D11-00A0C91BC942}") = "PC-Tester", "PC-Tester.vcxproj", "{4D61ED99-A509-43D3-B9F7-A55C32665B58}"
EndProject
Project("{8BC9CEB8-8B4A-11D0-8D11-00A0C91BC942}") = "qtvars", "PC-Tester\x64\Debug\qt\qmake\qtvars.vcxproj", "{454DB1D2-4A97-3F9A-8BBA-27349A9EF9D7}"
EndProject
Global
	GlobalSection(SolutionConfigurationPlatforms) = preSolution
		Debug|x64 = Debug|x64
		Release|x64 = Release|x64
	EndGlobalSection
	GlobalSection(ProjectConfigurationPlatforms) = postSolution
		{4D61ED99-A509-43D3-B9F7-A55C32665B58}.Debug|x64.ActiveCfg = Debug|x64
		{4D61ED99-A509-43D3-B9F7-A55C32665B58}.Debug|x64.Build.0 = Debug|x64
		{4D61ED99-A509-43D3-B9F7-A55C32665B58}.Release|x64.ActiveCfg = Release|x64
		{4D61ED99-A509-43D3-B9F7-A55C32665B58}.Release|x64.Build.0 = Release|x64
		{454DB1D2-4A97-3F9A-8BBA-27349A9EF9D7}.Debug|x64.ActiveCfg = Debug|x64
		{454DB1D2-4A97-3F9A-8BBA-27349A9EF9D7}.Debug|x64.Build.0 = Debug|x64
		{454DB1D2-4A97-3F9A-8BBA-27349A9EF9D7}.Release|x64.ActiveCfg = Release|x64
		{454DB1D2-4A97-3F9A-8BBA-27349A9EF9D7}.Release|x64.Build.0 = Release|x64
	EndGlobalSection
	GlobalSection(SolutionProperties) = preSolution
		HideSolutionNode = FALSE
	EndGlobalSection
	GlobalSection(ExtensibilityGlobals) = postSolution
		SolutionGuid = {341F4C08-81E5-4B34-8FE3-8FADB5160458}
	EndGlobalSection
EndGlobal
